
Microsoft Visual Studio Solution File, Format Version 12.00
Project("{FAE04EC0-301F-11D3-BF4B-00C04F79EFBC}") = "API", "API\API.csproj", "{9C863EF6-81F3-47A4-B073-E5E0A65F75DE}"
EndProject
Project("{2150E333-8FDC-42A3-9474-1A3956D46DE8}") = "Solution Items", "Solution Items", "{0A5AF354-BDAA-48AB-997F-4ABDE4EDC742}"
	ProjectSection(SolutionItems) = preProject
		docker-compose.yml = docker-compose.yml
	EndProjectSection
EndProject
Global
	GlobalSection(SolutionConfigurationPlatforms) = preSolution
		Debug|Any CPU = Debug|Any CPU
		Release|Any CPU = Release|Any CPU
	EndGlobalSection
	GlobalSection(ProjectConfigurationPlatforms) = postSolution
		{9C863EF6-81F3-47A4-B073-E5E0A65F75DE}.Debug|Any CPU.ActiveCfg = Debug|Any CPU
		{9C863EF6-81F3-47A4-B073-E5E0A65F75DE}.Debug|Any CPU.Build.0 = Debug|Any CPU
		{9C863EF6-81F3-47A4-B073-E5E0A65F75DE}.Release|Any CPU.ActiveCfg = Release|Any CPU
		{9C863EF6-81F3-47A4-B073-E5E0A65F75DE}.Release|Any CPU.Build.0 = Release|Any CPU
	EndGlobalSection
EndGlobal
